
Microsoft Visual Studio Solution File, Format Version 12.00
# Visual Studio 15
VisualStudioVersion = 15.0.27428.2027
MinimumVisualStudioVersion = 10.0.40219.1
Project("{FAE04EC0-301F-11D3-BF4B-00C04F79EFBC}") = "Laba 4", "Laba 4\Laba 4.csproj", "{08AA205F-093A-4085-AF65-9F3431027D48}"
EndProject
Global
	GlobalSection(SolutionConfigurationPlatforms) = preSolution
		Debug|Any CPU = Debug|Any CPU
		Release|Any CPU = Release|Any CPU
	EndGlobalSection
	GlobalSection(ProjectConfigurationPlatforms) = postSolution
		{08AA205F-093A-4085-AF65-9F3431027D48}.Debug|Any CPU.ActiveCfg = Debug|Any CPU
		{08AA205F-093A-4085-AF65-9F3431027D48}.Debug|Any CPU.Build.0 = Debug|Any CPU
		{08AA205F-093A-4085-AF65-9F3431027D48}.Release|Any CPU.ActiveCfg = Release|Any CPU
		{08AA205F-093A-4085-AF65-9F3431027D48}.Release|Any CPU.Build.0 = Release|Any CPU
	EndGlobalSection
	GlobalSection(SolutionProperties) = preSolution
		HideSolutionNode = FALSE
	EndGlobalSection
	GlobalSection(ExtensibilityGlobals) = postSolution
		SolutionGuid = {69F30B58-3836-4690-A7C7-6B2C7D2CA27E}
	EndGlobalSection
EndGlobal
